
Microsoft Visual Studio Solution File, Format Version 12.00
# Visual Studio 15
<<<<<<< HEAD
Project("{FAE04EC0-301F-11D3-BF4B-00C04F79EFBC}") = "Double-Billy", "Assembly-CSharp.csproj", "{0083BCE9-F617-2DD7-19F0-8750F943EA1D}"
=======
Project("{FAE04EC0-301F-11D3-BF4B-00C04F79EFBC}") = "Assembly-CSharp", "Assembly-CSharp.csproj", "{0083BCE9-F617-2DD7-19F0-8750F943EA1D}"
>>>>>>> Zbra
EndProject
Global
	GlobalSection(SolutionConfigurationPlatforms) = preSolution
		Debug|Any CPU = Debug|Any CPU
		Release|Any CPU = Release|Any CPU
	EndGlobalSection
	GlobalSection(ProjectConfigurationPlatforms) = postSolution
		{0083BCE9-F617-2DD7-19F0-8750F943EA1D}.Debug|Any CPU.ActiveCfg = Debug|Any CPU
		{0083BCE9-F617-2DD7-19F0-8750F943EA1D}.Debug|Any CPU.Build.0 = Debug|Any CPU
		{0083BCE9-F617-2DD7-19F0-8750F943EA1D}.Release|Any CPU.ActiveCfg = Release|Any CPU
		{0083BCE9-F617-2DD7-19F0-8750F943EA1D}.Release|Any CPU.Build.0 = Release|Any CPU
	EndGlobalSection
	GlobalSection(SolutionProperties) = preSolution
		HideSolutionNode = FALSE
	EndGlobalSection
EndGlobal
